// !$*UTF8*$!
{
	archiveVersion = 1;
	classes = {
	};
	objectVersion = 46;
	objects = {

/* Begin PBXBuildFile section */
		111C46021F30313D0054AC6F /* AppDelegate.swift in Sources */ = {isa = PBXBuildFile; fileRef = 111C46011F30313D0054AC6F /* AppDelegate.swift */; };
		111C46041F30313D0054AC6F /* BookListController.swift in Sources */ = {isa = PBXBuildFile; fileRef = 111C46031F30313D0054AC6F /* BookListController.swift */; };
		111C46071F30313D0054AC6F /* Main.storyboard in Resources */ = {isa = PBXBuildFile; fileRef = 111C46051F30313D0054AC6F /* Main.storyboard */; };
		111C460A1F30313D0054AC6F /* ___.xcdatamodeld in Sources */ = {isa = PBXBuildFile; fileRef = 111C46081F30313D0054AC6F /* ___.xcdatamodeld */; };
		111C460C1F30313D0054AC6F /* Assets.xcassets in Resources */ = {isa = PBXBuildFile; fileRef = 111C460B1F30313D0054AC6F /* Assets.xcassets */; };
		111C460F1F30313D0054AC6F /* LaunchScreen.storyboard in Resources */ = {isa = PBXBuildFile; fileRef = 111C460D1F30313D0054AC6F /* LaunchScreen.storyboard */; };
		111C46171F3031F80054AC6F /* SectionListController.swift in Sources */ = {isa = PBXBuildFile; fileRef = 111C46161F3031F80054AC6F /* SectionListController.swift */; };
		111C46191F3033CC0054AC6F /* AddBookController.swift in Sources */ = {isa = PBXBuildFile; fileRef = 111C46181F3033CC0054AC6F /* AddBookController.swift */; };
		111C463E1F307A2A0054AC6F /* RssUtil.swift in Sources */ = {isa = PBXBuildFile; fileRef = 111C463D1F307A2A0054AC6F /* RssUtil.swift */; };
		111C46421F307B250054AC6F /* MySection.swift in Sources */ = {isa = PBXBuildFile; fileRef = 111C46411F307B250054AC6F /* MySection.swift */; };
		111C46441F307BD10054AC6F /* MyBook.swift in Sources */ = {isa = PBXBuildFile; fileRef = 111C46431F307BD10054AC6F /* MyBook.swift */; };
		111C46471F316B0D0054AC6F /* BookDao.swift in Sources */ = {isa = PBXBuildFile; fileRef = 111C46461F316B0D0054AC6F /* BookDao.swift */; };
		111C46491F31858B0054AC6F /* SectionDao.swift in Sources */ = {isa = PBXBuildFile; fileRef = 111C46481F31858B0054AC6F /* SectionDao.swift */; };
		11872B0C1F31AA3000B7592E /* SectionDetailController.swift in Sources */ = {isa = PBXBuildFile; fileRef = 11872B0B1F31AA3000B7592E /* SectionDetailController.swift */; };
		11872B2E1F31D24000B7592E /* TableIdDao.swift in Sources */ = {isa = PBXBuildFile; fileRef = 11872B2D1F31D24000B7592E /* TableIdDao.swift */; };
		11872B301F31D79A00B7592E /* MyTableId.swift in Sources */ = {isa = PBXBuildFile; fileRef = 11872B2F1F31D79A00B7592E /* MyTableId.swift */; };
		11C8A4B91F32B47900794694 /* DebugDao.swift in Sources */ = {isa = PBXBuildFile; fileRef = 11C8A4B81F32B47900794694 /* DebugDao.swift */; };
/* End PBXBuildFile section */

/* Begin PBXFileReference section */
		111C45FE1F30313D0054AC6F /* 爱读书.app */ = {isa = PBXFileReference; explicitFileType = wrapper.application; includeInIndex = 0; path = "爱读书.app"; sourceTree = BUILT_PRODUCTS_DIR; };
		111C46011F30313D0054AC6F /* AppDelegate.swift */ = {isa = PBXFileReference; lastKnownFileType = sourcecode.swift; path = AppDelegate.swift; sourceTree = "<group>"; };
		111C46031F30313D0054AC6F /* BookListController.swift */ = {isa = PBXFileReference; lastKnownFileType = sourcecode.swift; path = BookListController.swift; sourceTree = "<group>"; };
		111C46061F30313D0054AC6F /* Base */ = {isa = PBXFileReference; lastKnownFileType = file.storyboard; name = Base; path = Base.lproj/Main.storyboard; sourceTree = "<group>"; };
		111C46091F30313D0054AC6F /* ___.xcdatamodel */ = {isa = PBXFileReference; lastKnownFileType = wrapper.xcdatamodel; path = "___.xcdatamodel"; sourceTree = "<group>"; };
		111C460B1F30313D0054AC6F /* Assets.xcassets */ = {isa = PBXFileReference; lastKnownFileType = folder.assetcatalog; path = Assets.xcassets; sourceTree = "<group>"; };
		111C460E1F30313D0054AC6F /* Base */ = {isa = PBXFileReference; lastKnownFileType = file.storyboard; name = Base; path = Base.lproj/LaunchScreen.storyboard; sourceTree = "<group>"; };
		111C46101F30313D0054AC6F /* Info.plist */ = {isa = PBXFileReference; lastKnownFileType = text.plist.xml; path = Info.plist; sourceTree = "<group>"; };
		111C46161F3031F80054AC6F /* SectionListController.swift */ = {isa = PBXFileReference; fileEncoding = 4; lastKnownFileType = sourcecode.swift; path = SectionListController.swift; sourceTree = "<group>"; };
		111C46181F3033CC0054AC6F /* AddBookController.swift */ = {isa = PBXFileReference; fileEncoding = 4; lastKnownFileType = sourcecode.swift; path = AddBookController.swift; sourceTree = "<group>"; };
		111C463D1F307A2A0054AC6F /* RssUtil.swift */ = {isa = PBXFileReference; fileEncoding = 4; lastKnownFileType = sourcecode.swift; path = RssUtil.swift; sourceTree = "<group>"; };
		111C46411F307B250054AC6F /* MySection.swift */ = {isa = PBXFileReference; fileEncoding = 4; lastKnownFileType = sourcecode.swift; path = MySection.swift; sourceTree = "<group>"; };
		111C46431F307BD10054AC6F /* MyBook.swift */ = {isa = PBXFileReference; fileEncoding = 4; lastKnownFileType = sourcecode.swift; path = MyBook.swift; sourceTree = "<group>"; };
		111C46461F316B0D0054AC6F /* BookDao.swift */ = {isa = PBXFileReference; fileEncoding = 4; lastKnownFileType = sourcecode.swift; path = BookDao.swift; sourceTree = "<group>"; };
		111C46481F31858B0054AC6F /* SectionDao.swift */ = {isa = PBXFileReference; fileEncoding = 4; lastKnownFileType = sourcecode.swift; path = SectionDao.swift; sourceTree = "<group>"; };
		11872B0B1F31AA3000B7592E /* SectionDetailController.swift */ = {isa = PBXFileReference; fileEncoding = 4; lastKnownFileType = sourcecode.swift; path = SectionDetailController.swift; sourceTree = "<group>"; };
		11872B2D1F31D24000B7592E /* TableIdDao.swift */ = {isa = PBXFileReference; fileEncoding = 4; lastKnownFileType = sourcecode.swift; path = TableIdDao.swift; sourceTree = "<group>"; };
		11872B2F1F31D79A00B7592E /* MyTableId.swift */ = {isa = PBXFileReference; fileEncoding = 4; lastKnownFileType = sourcecode.swift; path = MyTableId.swift; sourceTree = "<group>"; };
		11C8A4B81F32B47900794694 /* DebugDao.swift */ = {isa = PBXFileReference; fileEncoding = 4; lastKnownFileType = sourcecode.swift; path = DebugDao.swift; sourceTree = "<group>"; };
/* End PBXFileReference section */

/* Begin PBXFrameworksBuildPhase section */
		111C45FB1F30313D0054AC6F /* Frameworks */ = {
			isa = PBXFrameworksBuildPhase;
			buildActionMask = 2147483647;
			files = (
			);
			runOnlyForDeploymentPostprocessing = 0;
		};
/* End PBXFrameworksBuildPhase section */

/* Begin PBXGroup section */
		111C45F51F30313D0054AC6F = {
			isa = PBXGroup;
			children = (
				111C46001F30313D0054AC6F /* 爱读书 */,
				111C45FF1F30313D0054AC6F /* Products */,
			);
			sourceTree = "<group>";
		};
		111C45FF1F30313D0054AC6F /* Products */ = {
			isa = PBXGroup;
			children = (
				111C45FE1F30313D0054AC6F /* 爱读书.app */,
			);
			name = Products;
			sourceTree = "<group>";
		};
		111C46001F30313D0054AC6F /* 爱读书 */ = {
			isa = PBXGroup;
			children = (
				11872B0A1F319EC200B7592E /* controller */,
				11872B091F319EA700B7592E /* util */,
				11872B081F319E9200B7592E /* model */,
				111C46451F316AF60054AC6F /* dao */,
				111C46011F30313D0054AC6F /* AppDelegate.swift */,
				111C46051F30313D0054AC6F /* Main.storyboard */,
				111C460B1F30313D0054AC6F /* Assets.xcassets */,
				111C460D1F30313D0054AC6F /* LaunchScreen.storyboard */,
				111C46101F30313D0054AC6F /* Info.plist */,
				111C46081F30313D0054AC6F /* ___.xcdatamodeld */,
			);
			path = "爱读书";
			sourceTree = "<group>";
		};
		111C46451F316AF60054AC6F /* dao */ = {
			isa = PBXGroup;
			children = (
				111C46461F316B0D0054AC6F /* BookDao.swift */,
				111C46481F31858B0054AC6F /* SectionDao.swift */,
				11872B2D1F31D24000B7592E /* TableIdDao.swift */,
				11C8A4B81F32B47900794694 /* DebugDao.swift */,
			);
			name = dao;
			sourceTree = "<group>";
		};
		11872B081F319E9200B7592E /* model */ = {
			isa = PBXGroup;
			children = (
				111C46411F307B250054AC6F /* MySection.swift */,
				111C46431F307BD10054AC6F /* MyBook.swift */,
				11872B2F1F31D79A00B7592E /* MyTableId.swift */,
			);
			name = model;
			sourceTree = "<group>";
		};
		11872B091F319EA700B7592E /* util */ = {
			isa = PBXGroup;
			children = (
				111C463D1F307A2A0054AC6F /* RssUtil.swift */,
			);
			name = util;
			sourceTree = "<group>";
		};
		11872B0A1F319EC200B7592E /* controller */ = {
			isa = PBXGroup;
			children = (
				111C46031F30313D0054AC6F /* BookListController.swift */,
				111C46161F3031F80054AC6F /* SectionListController.swift */,
				111C46181F3033CC0054AC6F /* AddBookController.swift */,
				11872B0B1F31AA3000B7592E /* SectionDetailController.swift */,
			);
			name = controller;
			sourceTree = "<group>";
		};
/* End PBXGroup section */

/* Begin PBXNativeTarget section */
		111C45FD1F30313D0054AC6F /* 爱读书 */ = {
			isa = PBXNativeTarget;
			buildConfigurationList = 111C46131F30313E0054AC6F /* Build configuration list for PBXNativeTarget "爱读书" */;
			buildPhases = (
				111C45FA1F30313D0054AC6F /* Sources */,
				111C45FB1F30313D0054AC6F /* Frameworks */,
				111C45FC1F30313D0054AC6F /* Resources */,
			);
			buildRules = (
			);
			dependencies = (
			);
			name = "爱读书";
			productName = "爱读书";
			productReference = 111C45FE1F30313D0054AC6F /* 爱读书.app */;
			productType = "com.apple.product-type.application";
		};
/* End PBXNativeTarget section */

/* Begin PBXProject section */
		111C45F61F30313D0054AC6F /* Project object */ = {
			isa = PBXProject;
			attributes = {
				LastSwiftUpdateCheck = 0830;
				LastUpgradeCheck = 0830;
				ORGANIZATIONNAME = kangyonggan;
				TargetAttributes = {
					111C45FD1F30313D0054AC6F = {
						CreatedOnToolsVersion = 8.3.3;
						DevelopmentTeam = ZAU45PX3J5;
						ProvisioningStyle = Automatic;
					};
				};
			};
			buildConfigurationList = 111C45F91F30313D0054AC6F /* Build configuration list for PBXProject "爱读书" */;
			compatibilityVersion = "Xcode 3.2";
			developmentRegion = English;
			hasScannedForEncodings = 0;
			knownRegions = (
				en,
				Base,
			);
			mainGroup = 111C45F51F30313D0054AC6F;
			productRefGroup = 111C45FF1F30313D0054AC6F /* Products */;
			projectDirPath = "";
			projectRoot = "";
			targets = (
				111C45FD1F30313D0054AC6F /* 爱读书 */,
			);
		};
/* End PBXProject section */

/* Begin PBXResourcesBuildPhase section */
		111C45FC1F30313D0054AC6F /* Resources */ = {
			isa = PBXResourcesBuildPhase;
			buildActionMask = 2147483647;
			files = (
				111C460F1F30313D0054AC6F /* LaunchScreen.storyboard in Resources */,
				111C460C1F30313D0054AC6F /* Assets.xcassets in Resources */,
				111C46071F30313D0054AC6F /* Main.storyboard in Resources */,
			);
			runOnlyForDeploymentPostprocessing = 0;
		};
/* End PBXResourcesBuildPhase section */

/* Begin PBXSourcesBuildPhase section */
		111C45FA1F30313D0054AC6F /* Sources */ = {
			isa = PBXSourcesBuildPhase;
			buildActionMask = 2147483647;
			files = (
				11872B2E1F31D24000B7592E /* TableIdDao.swift in Sources */,
				111C46491F31858B0054AC6F /* SectionDao.swift in Sources */,
				111C46441F307BD10054AC6F /* MyBook.swift in Sources */,
				111C46041F30313D0054AC6F /* BookListController.swift in Sources */,
				111C46021F30313D0054AC6F /* AppDelegate.swift in Sources */,
				111C463E1F307A2A0054AC6F /* RssUtil.swift in Sources */,
				111C46471F316B0D0054AC6F /* BookDao.swift in Sources */,
				111C46421F307B250054AC6F /* MySection.swift in Sources */,
				111C460A1F30313D0054AC6F /* ___.xcdatamodeld in Sources */,
				111C46171F3031F80054AC6F /* SectionListController.swift in Sources */,
				11C8A4B91F32B47900794694 /* DebugDao.swift in Sources */,
				111C46191F3033CC0054AC6F /* AddBookController.swift in Sources */,
				11872B0C1F31AA3000B7592E /* SectionDetailController.swift in Sources */,
				11872B301F31D79A00B7592E /* MyTableId.swift in Sources */,
			);
			runOnlyForDeploymentPostprocessing = 0;
		};
/* End PBXSourcesBuildPhase section */

/* Begin PBXVariantGroup section */
		111C46051F30313D0054AC6F /* Main.storyboard */ = {
			isa = PBXVariantGroup;
			children = (
				111C46061F30313D0054AC6F /* Base */,
			);
			name = Main.storyboard;
			sourceTree = "<group>";
		};
		111C460D1F30313D0054AC6F /* LaunchScreen.storyboard */ = {
			isa = PBXVariantGroup;
			children = (
				111C460E1F30313D0054AC6F /* Base */,
			);
			name = LaunchScreen.storyboard;
			sourceTree = "<group>";
		};
/* End PBXVariantGroup section */

/* Begin XCBuildConfiguration section */
		111C46111F30313D0054AC6F /* Debug */ = {
			isa = XCBuildConfiguration;
			buildSettings = {
				ALWAYS_SEARCH_USER_PATHS = NO;
				CLANG_ANALYZER_NONNULL = YES;
				CLANG_ANALYZER_NUMBER_OBJECT_CONVERSION = YES_AGGRESSIVE;
				CLANG_CXX_LANGUAGE_STANDARD = "gnu++0x";
				CLANG_CXX_LIBRARY = "libc++";
				CLANG_ENABLE_MODULES = YES;
				CLANG_ENABLE_OBJC_ARC = YES;
				CLANG_WARN_BOOL_CONVERSION = YES;
				CLANG_WARN_CONSTANT_CONVERSION = YES;
				CLANG_WARN_DIRECT_OBJC_ISA_USAGE = YES_ERROR;
				CLANG_WARN_DOCUMENTATION_COMMENTS = YES;
				CLANG_WARN_EMPTY_BODY = YES;
				CLANG_WARN_ENUM_CONVERSION = YES;
				CLANG_WARN_INFINITE_RECURSION = YES;
				CLANG_WARN_INT_CONVERSION = YES;
				CLANG_WARN_OBJC_ROOT_CLASS = YES_ERROR;
				CLANG_WARN_SUSPICIOUS_MOVE = YES;
				CLANG_WARN_UNREACHABLE_CODE = YES;
				CLANG_WARN__DUPLICATE_METHOD_MATCH = YES;
				"CODE_SIGN_IDENTITY[sdk=iphoneos*]" = "iPhone Developer";
				COPY_PHASE_STRIP = NO;
				DEBUG_INFORMATION_FORMAT = dwarf;
				ENABLE_STRICT_OBJC_MSGSEND = YES;
				ENABLE_TESTABILITY = YES;
				GCC_C_LANGUAGE_STANDARD = gnu99;
				GCC_DYNAMIC_NO_PIC = NO;
				GCC_NO_COMMON_BLOCKS = YES;
				GCC_OPTIMIZATION_LEVEL = 0;
				GCC_PREPROCESSOR_DEFINITIONS = (
					"DEBUG=1",
					"$(inherited)",
				);
				GCC_WARN_64_TO_32_BIT_CONVERSION = YES;
				GCC_WARN_ABOUT_RETURN_TYPE = YES_ERROR;
				GCC_WARN_UNDECLARED_SELECTOR = YES;
				GCC_WARN_UNINITIALIZED_AUTOS = YES_AGGRESSIVE;
				GCC_WARN_UNUSED_FUNCTION = YES;
				GCC_WARN_UNUSED_VARIABLE = YES;
				IPHONEOS_DEPLOYMENT_TARGET = 10.3;
				MTL_ENABLE_DEBUG_INFO = YES;
				ONLY_ACTIVE_ARCH = YES;
				SDKROOT = iphoneos;
				SWIFT_ACTIVE_COMPILATION_CONDITIONS = DEBUG;
				SWIFT_OPTIMIZATION_LEVEL = "-Onone";
			};
			name = Debug;
		};
		111C46121F30313D0054AC6F /* Release */ = {
			isa = XCBuildConfiguration;
			buildSettings = {
				ALWAYS_SEARCH_USER_PATHS = NO;
				CLANG_ANALYZER_NONNULL = YES;
				CLANG_ANALYZER_NUMBER_OBJECT_CONVERSION = YES_AGGRESSIVE;
				CLANG_CXX_LANGUAGE_STANDARD = "gnu++0x";
				CLANG_CXX_LIBRARY = "libc++";
				CLANG_ENABLE_MODULES = YES;
				CLANG_ENABLE_OBJC_ARC = YES;
				CLANG_WARN_BOOL_CONVERSION = YES;
				CLANG_WARN_CONSTANT_CONVERSION = YES;
				CLANG_WARN_DIRECT_OBJC_ISA_USAGE = YES_ERROR;
				CLANG_WARN_DOCUMENTATION_COMMENTS = YES;
				CLANG_WARN_EMPTY_BODY = YES;
				CLANG_WARN_ENUM_CONVERSION = YES;
				CLANG_WARN_INFINITE_RECURSION = YES;
				CLANG_WARN_INT_CONVERSION = YES;
				CLANG_WARN_OBJC_ROOT_CLASS = YES_ERROR;
				CLANG_WARN_SUSPICIOUS_MOVE = YES;
				CLANG_WARN_UNREACHABLE_CODE = YES;
				CLANG_WARN__DUPLICATE_METHOD_MATCH = YES;
				"CODE_SIGN_IDENTITY[sdk=iphoneos*]" = "iPhone Developer";
				COPY_PHASE_STRIP = NO;
				DEBUG_INFORMATION_FORMAT = "dwarf-with-dsym";
				ENABLE_NS_ASSERTIONS = NO;
				ENABLE_STRICT_OBJC_MSGSEND = YES;
				GCC_C_LANGUAGE_STANDARD = gnu99;
				GCC_NO_COMMON_BLOCKS = YES;
				GCC_WARN_64_TO_32_BIT_CONVERSION = YES;
				GCC_WARN_ABOUT_RETURN_TYPE = YES_ERROR;
				GCC_WARN_UNDECLARED_SELECTOR = YES;
				GCC_WARN_UNINITIALIZED_AUTOS = YES_AGGRESSIVE;
				GCC_WARN_UNUSED_FUNCTION = YES;
				GCC_WARN_UNUSED_VARIABLE = YES;
				IPHONEOS_DEPLOYMENT_TARGET = 10.3;
				MTL_ENABLE_DEBUG_INFO = NO;
				SDKROOT = iphoneos;
				SWIFT_OPTIMIZATION_LEVEL = "-Owholemodule";
				VALIDATE_PRODUCT = YES;
			};
			name = Release;
		};
		111C46141F30313E0054AC6F /* Debug */ = {
			isa = XCBuildConfiguration;
			buildSettings = {
				ASSETCATALOG_COMPILER_APPICON_NAME = AppIcon;
				DEVELOPMENT_TEAM = ZAU45PX3J5;
				INFOPLIST_FILE = "爱读书/Info.plist";
				LD_RUNPATH_SEARCH_PATHS = "$(inherited) @executable_path/Frameworks";
				PRODUCT_BUNDLE_IDENTIFIER = "com.kangyonggan.---";
				PRODUCT_NAME = "$(TARGET_NAME)";
				SWIFT_VERSION = 3.0;
			};
			name = Debug;
		};
		111C46151F30313E0054AC6F /* Release */ = {
			isa = XCBuildConfiguration;
			buildSettings = {
				ASSETCATALOG_COMPILER_APPICON_NAME = AppIcon;
				DEVELOPMENT_TEAM = ZAU45PX3J5;
				INFOPLIST_FILE = "爱读书/Info.plist";
				LD_RUNPATH_SEARCH_PATHS = "$(inherited) @executable_path/Frameworks";
				PRODUCT_BUNDLE_IDENTIFIER = "com.kangyonggan.---";
				PRODUCT_NAME = "$(TARGET_NAME)";
				SWIFT_VERSION = 3.0;
			};
			name = Release;
		};
/* End XCBuildConfiguration section */

/* Begin XCConfigurationList section */
		111C45F91F30313D0054AC6F /* Build configuration list for PBXProject "爱读书" */ = {
			isa = XCConfigurationList;
			buildConfigurations = (
				111C46111F30313D0054AC6F /* Debug */,
				111C46121F30313D0054AC6F /* Release */,
			);
			defaultConfigurationIsVisible = 0;
			defaultConfigurationName = Release;
		};
		111C46131F30313E0054AC6F /* Build configuration list for PBXNativeTarget "爱读书" */ = {
			isa = XCConfigurationList;
			buildConfigurations = (
				111C46141F30313E0054AC6F /* Debug */,
				111C46151F30313E0054AC6F /* Release */,
			);
			defaultConfigurationIsVisible = 0;
			defaultConfigurationName = Release;
		};
/* End XCConfigurationList section */

/* Begin XCVersionGroup section */
		111C46081F30313D0054AC6F /* ___.xcdatamodeld */ = {
			isa = XCVersionGroup;
			children = (
				111C46091F30313D0054AC6F /* ___.xcdatamodel */,
			);
			currentVersion = 111C46091F30313D0054AC6F /* ___.xcdatamodel */;
			path = "___.xcdatamodeld";
			sourceTree = "<group>";
			versionGroupType = wrapper.xcdatamodel;
		};
/* End XCVersionGroup section */
	};
	rootObject = 111C45F61F30313D0054AC6F /* Project object */;
}
